#MicroXplorer Configuration settings - do not modify
CAD.formats=
CAD.pinconfig=
CAD.provider=
CAN1.ABOM=ENABLE
CAN1.AWUM=ENABLE
CAN1.BS1=CAN_BS1_10TQ
CAN1.BS2=CAN_BS2_3TQ
CAN1.CalculateBaudRate=1000000
CAN1.CalculateTimeBit=1000
CAN1.CalculateTimeQuantum=71.42857142857143
CAN1.IPParameters=Prescaler,BS1,BS2,SJW,TTCM,ABOM,AWUM,NART,RFLM,TXFP,Mode,CalculateTimeQuantum,CalculateBaudRate,CalculateTimeBit
CAN1.Mode=CAN_MODE_NORMAL
CAN1.NART=ENABLE
CAN1.Prescaler=3
CAN1.RFLM=DISABLE
CAN1.SJW=CAN_SJW_1TQ
CAN1.TTCM=DISABLE
CAN1.TXFP=DISABLE
CAN2.ABOM=ENABLE
CAN2.AWUM=ENABLE
CAN2.BS1=CAN_BS1_10TQ
CAN2.BS2=CAN_BS2_3TQ
CAN2.CalculateBaudRate=1000000
CAN2.CalculateTimeBit=1000
CAN2.CalculateTimeQuantum=71.42857142857143
CAN2.IPParameters=Prescaler,BS1,BS2,SJW,TTCM,ABOM,AWUM,NART,RFLM,TXFP,Mode,CalculateTimeQuantum,CalculateBaudRate,CalculateTimeBit
CAN2.Mode=CAN_MODE_NORMAL
CAN2.NART=ENABLE
CAN2.Prescaler=3
CAN2.RFLM=DISABLE
CAN2.SJW=CAN_SJW_1TQ
CAN2.TTCM=DISABLE
CAN2.TXFP=DISABLE
Dma.Request0=USART1_RX
Dma.Request1=USART1_TX
Dma.Request2=SPI1_RX
Dma.Request3=SPI1_TX
Dma.Request4=USART6_RX
Dma.Request5=USART6_TX
Dma.Request6=USART3_RX
Dma.RequestsNb=7
Dma.SPI1_RX.2.Direction=DMA_PERIPH_TO_MEMORY
Dma.SPI1_RX.2.FIFOMode=DMA_FIFOMODE_DISABLE
Dma.SPI1_RX.2.Instance=DMA2_Stream0
Dma.SPI1_RX.2.MemDataAlignment=DMA_MDATAALIGN_BYTE
Dma.SPI1_RX.2.MemInc=DMA_MINC_ENABLE
Dma.SPI1_RX.2.Mode=DMA_NORMAL
Dma.SPI1_RX.2.PeriphDataAlignment=DMA_PDATAALIGN_BYTE
Dma.SPI1_RX.2.PeriphInc=DMA_PINC_DISABLE
Dma.SPI1_RX.2.Priority=DMA_PRIORITY_LOW
Dma.SPI1_RX.2.RequestParameters=Instance,Direction,PeriphInc,MemInc,PeriphDataAlignment,MemDataAlignment,Mode,Priority,FIFOMode
Dma.SPI1_TX.3.Direction=DMA_MEMORY_TO_PERIPH
Dma.SPI1_TX.3.FIFOMode=DMA_FIFOMODE_DISABLE
Dma.SPI1_TX.3.Instance=DMA2_Stream3
Dma.SPI1_TX.3.MemDataAlignment=DMA_MDATAALIGN_BYTE
Dma.SPI1_TX.3.MemInc=DMA_MINC_ENABLE
Dma.SPI1_TX.3.Mode=DMA_NORMAL
Dma.SPI1_TX.3.PeriphDataAlignment=DMA_PDATAALIGN_BYTE
Dma.SPI1_TX.3.PeriphInc=DMA_PINC_DISABLE
Dma.SPI1_TX.3.Priority=DMA_PRIORITY_LOW
Dma.SPI1_TX.3.RequestParameters=Instance,Direction,PeriphInc,MemInc,PeriphDataAlignment,MemDataAlignment,Mode,Priority,FIFOMode
Dma.USART1_RX.0.Direction=DMA_PERIPH_TO_MEMORY
Dma.USART1_RX.0.FIFOMode=DMA_FIFOMODE_DISABLE
Dma.USART1_RX.0.Instance=DMA2_Stream2
Dma.USART1_RX.0.MemDataAlignment=DMA_MDATAALIGN_BYTE
Dma.USART1_RX.0.MemInc=DMA_MINC_ENABLE
Dma.USART1_RX.0.Mode=DMA_NORMAL
Dma.USART1_RX.0.PeriphDataAlignment=DMA_PDATAALIGN_BYTE
Dma.USART1_RX.0.PeriphInc=DMA_PINC_DISABLE
Dma.USART1_RX.0.Priority=DMA_PRIORITY_LOW
Dma.USART1_RX.0.RequestParameters=Instance,Direction,PeriphInc,MemInc,PeriphDataAlignment,MemDataAlignment,Mode,Priority,FIFOMode
Dma.USART1_TX.1.Direction=DMA_MEMORY_TO_PERIPH
Dma.USART1_TX.1.FIFOMode=DMA_FIFOMODE_DISABLE
Dma.USART1_TX.1.Instance=DMA2_Stream7
Dma.USART1_TX.1.MemDataAlignment=DMA_MDATAALIGN_BYTE
Dma.USART1_TX.1.MemInc=DMA_MINC_ENABLE
Dma.USART1_TX.1.Mode=DMA_NORMAL
Dma.USART1_TX.1.PeriphDataAlignment=DMA_PDATAALIGN_BYTE
Dma.USART1_TX.1.PeriphInc=DMA_PINC_DISABLE
Dma.USART1_TX.1.Priority=DMA_PRIORITY_LOW
Dma.USART1_TX.1.RequestParameters=Instance,Direction,PeriphInc,MemInc,PeriphDataAlignment,MemDataAlignment,Mode,Priority,FIFOMode
Dma.USART3_RX.6.Direction=DMA_PERIPH_TO_MEMORY
Dma.USART3_RX.6.FIFOMode=DMA_FIFOMODE_DISABLE
Dma.USART3_RX.6.Instance=DMA1_Stream1
Dma.USART3_RX.6.MemDataAlignment=DMA_MDATAALIGN_BYTE
Dma.USART3_RX.6.MemInc=DMA_MINC_ENABLE
Dma.USART3_RX.6.Mode=DMA_NORMAL
Dma.USART3_RX.6.PeriphDataAlignment=DMA_PDATAALIGN_BYTE
Dma.USART3_RX.6.PeriphInc=DMA_PINC_DISABLE
Dma.USART3_RX.6.Priority=DMA_PRIORITY_LOW
Dma.USART3_RX.6.RequestParameters=Instance,Direction,PeriphInc,MemInc,PeriphDataAlignment,MemDataAlignment,Mode,Priority,FIFOMode
Dma.USART6_RX.4.Direction=DMA_PERIPH_TO_MEMORY
Dma.USART6_RX.4.FIFOMode=DMA_FIFOMODE_DISABLE
Dma.USART6_RX.4.Instance=DMA2_Stream1
Dma.USART6_RX.4.MemDataAlignment=DMA_MDATAALIGN_BYTE
Dma.USART6_RX.4.MemInc=DMA_MINC_ENABLE
Dma.USART6_RX.4.Mode=DMA_NORMAL
Dma.USART6_RX.4.PeriphDataAlignment=DMA_PDATAALIGN_BYTE
Dma.USART6_RX.4.PeriphInc=DMA_PINC_DISABLE
Dma.USART6_RX.4.Priority=DMA_PRIORITY_LOW
Dma.USART6_RX.4.RequestParameters=Instance,Direction,PeriphInc,MemInc,PeriphDataAlignment,MemDataAlignment,Mode,Priority,FIFOMode
Dma.USART6_TX.5.Direction=DMA_MEMORY_TO_PERIPH
Dma.USART6_TX.5.FIFOMode=DMA_FIFOMODE_DISABLE
Dma.USART6_TX.5.Instance=DMA2_Stream6
Dma.USART6_TX.5.MemDataAlignment=DMA_MDATAALIGN_BYTE
Dma.USART6_TX.5.MemInc=DMA_MINC_ENABLE
Dma.USART6_TX.5.Mode=DMA_NORMAL
Dma.USART6_TX.5.PeriphDataAlignment=DMA_PDATAALIGN_BYTE
Dma.USART6_TX.5.PeriphInc=DMA_PINC_DISABLE
Dma.USART6_TX.5.Priority=DMA_PRIORITY_LOW
Dma.USART6_TX.5.RequestParameters=Instance,Direction,PeriphInc,MemInc,PeriphDataAlignment,MemDataAlignment,Mode,Priority,FIFOMode
FREERTOS.HEAP_NUMBER=4
FREERTOS.INCLUDE_eTaskGetState=1
FREERTOS.INCLUDE_pcTaskGetTaskName=0
FREERTOS.INCLUDE_uxTaskGetStackHighWaterMark=1
FREERTOS.INCLUDE_uxTaskGetStackHighWaterMark2=0
FREERTOS.INCLUDE_uxTaskPriorityGet=1
FREERTOS.INCLUDE_vTaskCleanUpResources=0
FREERTOS.INCLUDE_vTaskDelay=1
FREERTOS.INCLUDE_vTaskDelayUntil=1
FREERTOS.INCLUDE_vTaskDelete=1
FREERTOS.INCLUDE_vTaskPrioritySet=1
FREERTOS.INCLUDE_vTaskSuspend=1
FREERTOS.INCLUDE_xEventGroupSetBitFromISR=0
FREERTOS.INCLUDE_xQueueGetMutexHolder=1
FREERTOS.INCLUDE_xSemaphoreGetMutexHolder=0
FREERTOS.INCLUDE_xTaskAbortDelay=0
FREERTOS.INCLUDE_xTaskGetCurrentTaskHandle=1
FREERTOS.INCLUDE_xTaskGetHandle=0
FREERTOS.INCLUDE_xTaskGetSchedulerState=1
FREERTOS.INCLUDE_xTaskResumeFromISR=1
FREERTOS.INCLUDE_xTimerPendFunctionCall=1
FREERTOS.IPParameters=Tasks01,configENABLE_FPU,configUSE_PREEMPTION,configTICK_RATE_HZ,configUSE_SB_COMPLETED_CALLBACK,configUSE_MINI_LIST_ITEM,configMINIMAL_STACK_SIZE,configMAX_TASK_NAME_LEN,configIDLE_SHOULD_YIELD,configUSE_MUTEXES,configUSE_RECURSIVE_MUTEXES,configUSE_COUNTING_SEMAPHORES,configQUEUE_REGISTRY_SIZE,configUSE_APPLICATION_TASK_TAG,HEAP_NUMBER,configUSE_IDLE_HOOK,configUSE_TICK_HOOK,configUSE_MALLOC_FAILED_HOOK,configUSE_DAEMON_TASK_STARTUP_HOOK,configCHECK_FOR_STACK_OVERFLOW,configGENERATE_RUN_TIME_STATS,configUSE_TRACE_FACILITY,configUSE_STATS_FORMATTING_FUNCTIONS,configUSE_CO_ROUTINES,configMAX_CO_ROUTINE_PRIORITIES,configTIMER_TASK_PRIORITY,configTIMER_QUEUE_LENGTH,configTIMER_TASK_STACK_DEPTH,configLIBRARY_LOWEST_INTERRUPT_PRIORITY,configLIBRARY_MAX_SYSCALL_INTERRUPT_PRIORITY,INCLUDE_vTaskPrioritySet,INCLUDE_uxTaskPriorityGet,INCLUDE_vTaskDelete,INCLUDE_vTaskCleanUpResources,INCLUDE_vTaskSuspend,INCLUDE_vTaskDelayUntil,INCLUDE_vTaskDelay,INCLUDE_xTaskGetSchedulerState,INCLUDE_xTaskResumeFromISR,INCLUDE_xQueueGetMutexHolder,INCLUDE_xSemaphoreGetMutexHolder,INCLUDE_pcTaskGetTaskName,INCLUDE_uxTaskGetStackHighWaterMark,INCLUDE_xTaskGetCurrentTaskHandle,INCLUDE_eTaskGetState,INCLUDE_xEventGroupSetBitFromISR,INCLUDE_xTimerPendFunctionCall,configENABLE_BACKWARD_COMPATIBILITY,configUSE_TICKLESS_IDLE,configUSE_TASK_NOTIFICATIONS,INCLUDE_xTaskAbortDelay,INCLUDE_xTaskGetHandle,configRECORD_STACK_HIGH_ADDRESS,configUSE_NEWLIB_REENTRANT,copyHeapFile,INCLUDE_uxTaskGetStackHighWaterMark2,configUSE_POSIX_ERRNO,configUSE_OS2_THREAD_SUSPEND_RESUME,configUSE_OS2_THREAD_ENUMERATE,configUSE_OS2_EVENTFLAGS_FROM_ISR,configUSE_OS2_THREAD_FLAGS,configUSE_OS2_TIMER,configUSE_OS2_MUTEX,configTOTAL_HEAP_SIZE
FREERTOS.Tasks01=defaultTask,24,128,StartDefaultTask,Default,NULL,Dynamic,NULL,NULL
FREERTOS.configCHECK_FOR_STACK_OVERFLOW=0
FREERTOS.configENABLE_BACKWARD_COMPATIBILITY=1
FREERTOS.configENABLE_FPU=0
FREERTOS.configGENERATE_RUN_TIME_STATS=0
FREERTOS.configIDLE_SHOULD_YIELD=1
FREERTOS.configLIBRARY_LOWEST_INTERRUPT_PRIORITY=15
FREERTOS.configLIBRARY_MAX_SYSCALL_INTERRUPT_PRIORITY=5
FREERTOS.configMAX_CO_ROUTINE_PRIORITIES=2
FREERTOS.configMAX_TASK_NAME_LEN=16
FREERTOS.configMINIMAL_STACK_SIZE=128
FREERTOS.configQUEUE_REGISTRY_SIZE=8
FREERTOS.configRECORD_STACK_HIGH_ADDRESS=0
FREERTOS.configTICK_RATE_HZ=1000
FREERTOS.configTIMER_QUEUE_LENGTH=10
FREERTOS.configTIMER_TASK_PRIORITY=2
FREERTOS.configTIMER_TASK_STACK_DEPTH=256
FREERTOS.configTOTAL_HEAP_SIZE=40000
FREERTOS.configUSE_APPLICATION_TASK_TAG=0
FREERTOS.configUSE_COUNTING_SEMAPHORES=1
FREERTOS.configUSE_CO_ROUTINES=0
FREERTOS.configUSE_DAEMON_TASK_STARTUP_HOOK=0
FREERTOS.configUSE_IDLE_HOOK=0
FREERTOS.configUSE_MALLOC_FAILED_HOOK=0
FREERTOS.configUSE_MINI_LIST_ITEM=1
FREERTOS.configUSE_MUTEXES=1
FREERTOS.configUSE_NEWLIB_REENTRANT=0
FREERTOS.configUSE_OS2_EVENTFLAGS_FROM_ISR=1
FREERTOS.configUSE_OS2_MUTEX=1
FREERTOS.configUSE_OS2_THREAD_ENUMERATE=1
FREERTOS.configUSE_OS2_THREAD_FLAGS=1
FREERTOS.configUSE_OS2_THREAD_SUSPEND_RESUME=1
FREERTOS.configUSE_OS2_TIMER=1
FREERTOS.configUSE_POSIX_ERRNO=0
FREERTOS.configUSE_PREEMPTION=1
FREERTOS.configUSE_RECURSIVE_MUTEXES=1
FREERTOS.configUSE_SB_COMPLETED_CALLBACK=0
FREERTOS.configUSE_STATS_FORMATTING_FUNCTIONS=0
FREERTOS.configUSE_TASK_NOTIFICATIONS=1
FREERTOS.configUSE_TICKLESS_IDLE=0
FREERTOS.configUSE_TICK_HOOK=0
FREERTOS.configUSE_TRACE_FACILITY=1
FREERTOS.copyHeapFile=1
File.Version=6
GPIO.groupedBy=Group By Peripherals
KeepUserPlacement=false
Mcu.CPN=STM32F405RGT6
Mcu.Family=STM32F4
Mcu.IP0=CAN1
Mcu.IP1=CAN2
Mcu.IP10=USART3
Mcu.IP11=USART6
Mcu.IP12=USB_DEVICE
Mcu.IP13=USB_OTG_FS
Mcu.IP2=DMA
Mcu.IP3=FREERTOS
Mcu.IP4=NVIC
Mcu.IP5=RCC
Mcu.IP6=SPI1
Mcu.IP7=SYS
Mcu.IP8=TIM1
Mcu.IP9=USART1
Mcu.IPNb=14
Mcu.Name=STM32F405RGTx
Mcu.Package=LQFP64
Mcu.Pin0=PH0-OSC_IN
Mcu.Pin1=PH1-OSC_OUT
Mcu.Pin10=PB11
Mcu.Pin11=PC6
Mcu.Pin12=PC7
Mcu.Pin13=PA9
Mcu.Pin14=PA11
Mcu.Pin15=PA12
Mcu.Pin16=PA13
Mcu.Pin17=PA14
Mcu.Pin18=PC10
Mcu.Pin19=PB5
Mcu.Pin2=PA5
Mcu.Pin20=PB6
Mcu.Pin21=PB7
Mcu.Pin22=PB8
Mcu.Pin23=PB9
Mcu.Pin24=VP_FREERTOS_VS_CMSIS_V2
Mcu.Pin25=VP_SYS_VS_tim14
Mcu.Pin26=VP_TIM1_VS_ClockSourceITR
Mcu.Pin27=VP_USB_DEVICE_VS_USB_DEVICE_CDC_FS
Mcu.Pin3=PA6
Mcu.Pin4=PA7
Mcu.Pin5=PC4
Mcu.Pin6=PC5
Mcu.Pin7=PB0
Mcu.Pin8=PB1
Mcu.Pin9=PB10
Mcu.PinsNb=28
Mcu.ThirdPartyNb=0
Mcu.UserConstants=
Mcu.UserName=STM32F405RGTx
MxCube.Version=6.16.1
MxDb.Version=DB.6.0.161
NVIC.BusFault_IRQn=true\:0\:0\:false\:false\:true\:false\:false\:false\:false
NVIC.CAN1_RX0_IRQn=true\:5\:0\:false\:false\:true\:true\:true\:true\:true
NVIC.CAN2_RX0_IRQn=true\:5\:0\:false\:false\:true\:true\:true\:true\:true
NVIC.DMA1_Stream1_IRQn=true\:5\:0\:false\:false\:true\:true\:false\:true\:true
NVIC.DMA2_Stream0_IRQn=true\:5\:0\:false\:false\:true\:true\:false\:true\:true
NVIC.DMA2_Stream1_IRQn=true\:5\:0\:false\:false\:true\:true\:false\:true\:true
NVIC.DMA2_Stream2_IRQn=true\:5\:0\:false\:false\:true\:true\:false\:true\:true
NVIC.DMA2_Stream3_IRQn=true\:5\:0\:false\:false\:true\:true\:false\:true\:true
NVIC.DMA2_Stream6_IRQn=true\:5\:0\:false\:false\:true\:true\:false\:true\:true
NVIC.DMA2_Stream7_IRQn=true\:5\:0\:false\:false\:true\:true\:false\:true\:true
NVIC.DebugMonitor_IRQn=true\:0\:0\:false\:false\:true\:false\:false\:false\:false
NVIC.EXTI0_IRQn=true\:5\:0\:false\:false\:true\:true\:true\:true\:true
NVIC.EXTI9_5_IRQn=true\:5\:0\:false\:false\:true\:true\:true\:true\:true
NVIC.ForceEnableDMAVector=true
NVIC.HardFault_IRQn=true\:0\:0\:false\:false\:true\:false\:false\:false\:false
NVIC.MemoryManagement_IRQn=true\:0\:0\:false\:false\:true\:false\:false\:false\:false
NVIC.NonMaskableInt_IRQn=true\:0\:0\:false\:false\:true\:false\:false\:false\:false
NVIC.OTG_FS_IRQn=true\:5\:0\:false\:false\:true\:true\:false\:true\:true
NVIC.PendSV_IRQn=true\:15\:0\:false\:false\:false\:true\:false\:false\:false
NVIC.PriorityGroup=NVIC_PRIORITYGROUP_4
NVIC.SVCall_IRQn=true\:0\:0\:false\:false\:false\:false\:false\:false\:false
NVIC.SavedPendsvIrqHandlerGenerated=true
NVIC.SavedSvcallIrqHandlerGenerated=true
NVIC.SavedSystickIrqHandlerGenerated=true
NVIC.SysTick_IRQn=true\:15\:0\:false\:false\:false\:true\:true\:false\:false
NVIC.TIM8_TRG_COM_TIM14_IRQn=true\:15\:0\:false\:false\:true\:false\:true\:true\:true
NVIC.TimeBase=TIM8_TRG_COM_TIM14_IRQn
NVIC.TimeBaseIP=TIM14
NVIC.USART1_IRQn=true\:5\:0\:false\:false\:true\:true\:true\:true\:true
NVIC.USART3_IRQn=true\:5\:0\:false\:false\:true\:true\:true\:true\:true
NVIC.USART6_IRQn=true\:5\:0\:false\:false\:true\:true\:true\:true\:true
NVIC.UsageFault_IRQn=true\:0\:0\:false\:false\:true\:false\:false\:false\:false
PA11.GPIOParameters=GPIO_Label
PA11.GPIO_Label=USB1_DM
PA11.Mode=Device_Only
PA11.Signal=USB_OTG_FS_DM
PA12.GPIOParameters=GPIO_Label
PA12.GPIO_Label=USB1_DP
PA12.Mode=Device_Only
PA12.Signal=USB_OTG_FS_DP
PA13.Mode=Serial_Wire
PA13.Signal=SYS_JTMS-SWDIO
PA14.Mode=Serial_Wire
PA14.Signal=SYS_JTCK-SWCLK
PA5.GPIOParameters=GPIO_Label
PA5.GPIO_Label=SPI1_SCK
PA5.Mode=Full_Duplex_Master
PA5.Signal=SPI1_SCK
PA6.GPIOParameters=GPIO_Label
PA6.GPIO_Label=SPI1_MISO
PA6.Mode=Full_Duplex_Master
PA6.Signal=SPI1_MISO
PA7.GPIOParameters=GPIO_Label
PA7.GPIO_Label=SPI1_MOSI
PA7.Locked=true
PA7.Mode=Full_Duplex_Master
PA7.Signal=SPI1_MOSI
PA9.GPIOParameters=GPIO_Label
PA9.GPIO_Label=USART1_TX
PA9.Mode=Asynchronous
PA9.Signal=USART1_TX
PB0.GPIOParameters=GPIO_PuPd,GPIO_Label,GPIO_ModeDefaultEXTI
PB0.GPIO_Label=ACCEL_INT
PB0.GPIO_ModeDefaultEXTI=GPIO_MODE_IT_RISING
PB0.GPIO_PuPd=GPIO_NOPULL
PB0.Locked=true
PB0.Signal=GPXTI0
PB1.GPIOParameters=PinState,GPIO_Label
PB1.GPIO_Label=GYRO_CSB2
PB1.Locked=true
PB1.PinState=GPIO_PIN_SET
PB1.Signal=GPIO_Output
PB10.GPIOParameters=PinState,GPIO_Label
PB10.GPIO_Label=TEMP_088
PB10.Locked=true
PB10.PinState=GPIO_PIN_SET
PB10.Signal=GPIO_Output
PB11.GPIOParameters=GPIO_Label
PB11.GPIO_Label=DR16
PB11.Locked=true
PB11.Mode=Asynchronous
PB11.Signal=USART3_RX
PB5.GPIOParameters=GPIO_Label
PB5.GPIO_Label=CAN2_RX
PB5.Locked=true
PB5.Mode=CAN_Activate
PB5.Signal=CAN2_RX
PB6.GPIOParameters=GPIO_Label
PB6.GPIO_Label=CAN2_TX
PB6.Locked=true
PB6.Mode=CAN_Activate
PB6.Signal=CAN2_TX
PB7.GPIOParameters=GPIO_Label
PB7.GPIO_Label=USART1_RX
PB7.Locked=true
PB7.Mode=Asynchronous
PB7.Signal=USART1_RX
PB8.GPIOParameters=GPIO_Label
PB8.GPIO_Label=CAN1_RX
PB8.Locked=true
PB8.Mode=CAN_Activate
PB8.Signal=CAN1_RX
PB9.GPIOParameters=GPIO_Label
PB9.GPIO_Label=CAN1_TX
PB9.Locked=true
PB9.Mode=CAN_Activate
PB9.Signal=CAN1_TX
PC10.Mode=Asynchronous
PC10.Signal=USART3_TX
PC4.GPIOParameters=PinState,GPIO_Label
PC4.GPIO_Label=ACCEL_CSB1
PC4.Locked=true
PC4.PinState=GPIO_PIN_SET
PC4.Signal=GPIO_Output
PC5.GPIOParameters=GPIO_Label
PC5.GPIO_Label=GYRO_INT
PC5.Locked=true
PC5.Signal=GPXTI5
PC6.GPIOParameters=GPIO_Label
PC6.GPIO_Label=USART6_TX
PC6.Mode=Asynchronous
PC6.Signal=USART6_TX
PC7.GPIOParameters=GPIO_Label
PC7.GPIO_Label=USART6_RX
PC7.Mode=Asynchronous
PC7.Signal=USART6_RX
PCC.Checker=false
PCC.Line=STM32F405/415
PCC.MCU=STM32F405RGTx
PCC.PartNumber=STM32F405RGTx
PCC.Series=STM32F4
PCC.Temperature=25
PCC.Vdd=3.3
PH0-OSC_IN.Mode=HSE-External-Oscillator
PH0-OSC_IN.Signal=RCC_OSC_IN
PH1-OSC_OUT.Mode=HSE-External-Oscillator
PH1-OSC_OUT.Signal=RCC_OSC_OUT
PinOutPanel.RotationAngle=0
ProjectManager.AskForMigrate=true
ProjectManager.BackupPrevious=false
ProjectManager.CompilerLinker=GCC
ProjectManager.CompilerOptimize=6
ProjectManager.ComputerToolchain=false
ProjectManager.CoupleFile=true
ProjectManager.CustomerFirmwarePackage=
ProjectManager.DefaultFWLocation=true
ProjectManager.DeletePrevious=true
ProjectManager.DeviceId=STM32F405RGTx
ProjectManager.FirmwarePackage=STM32Cube FW_F4 V1.28.3
ProjectManager.FreePins=false
ProjectManager.FreePinsContext=
ProjectManager.HalAssertFull=false
ProjectManager.HeapSize=0x200
ProjectManager.KeepUserCode=true
ProjectManager.LastFirmware=true
ProjectManager.LibraryCopy=1
ProjectManager.MainLocation=Core/Src
ProjectManager.NoMain=false
ProjectManager.PreviousToolchain=
ProjectManager.ProjectBuild=false
ProjectManager.ProjectFileName=yuntai.ioc
ProjectManager.ProjectName=yuntai
ProjectManager.ProjectStructure=
ProjectManager.RegisterCallBack=
ProjectManager.StackSize=0x400
ProjectManager.TargetToolchain=CMake
ProjectManager.ToolChainLocation=
ProjectManager.UAScriptAfterPath=
ProjectManager.UAScriptBeforePath=
ProjectManager.UnderRoot=false
ProjectManager.functionlistsort=1-SystemClock_Config-RCC-false-HAL-false,2-MX_GPIO_Init-GPIO-false-HAL-true,3-MX_DMA_Init-DMA-false-HAL-true,4-MX_CAN1_Init-CAN1-false-HAL-true,5-MX_CAN2_Init-CAN2-false-HAL-true,6-MX_SPI1_Init-SPI1-false-HAL-true,7-MX_USART1_UART_Init-USART1-false-HAL-true,8-MX_USART6_UART_Init-USART6-false-HAL-true,9-MX_USB_DEVICE_Init-USB_DEVICE-false-HAL-false,10-MX_TIM1_Init-TIM1-false-HAL-true,11-MX_USART3_UART_Init-USART3-false-HAL-true
RCC.48MHZClocksFreq_Value=48000000
RCC.AHBFreq_Value=168000000
RCC.APB1CLKDivider=RCC_HCLK_DIV4
RCC.APB1Freq_Value=42000000
RCC.APB1TimFreq_Value=84000000
RCC.APB2CLKDivider=RCC_HCLK_DIV2
RCC.APB2Freq_Value=84000000
RCC.APB2TimFreq_Value=168000000
RCC.CortexFreq_Value=168000000
RCC.EthernetFreq_Value=168000000
RCC.FCLKCortexFreq_Value=168000000
RCC.FLatency=FLASH_LATENCY_5
RCC.FamilyName=M
RCC.HCLKFreq_Value=168000000
RCC.HSE_VALUE=8000000
RCC.HSI_VALUE=16000000
RCC.I2SClocksFreq_Value=192000000
RCC.IPParameters=48MHZClocksFreq_Value,AHBFreq_Value,APB1CLKDivider,APB1Freq_Value,APB1TimFreq_Value,APB2CLKDivider,APB2Freq_Value,APB2TimFreq_Value,CortexFreq_Value,EthernetFreq_Value,FCLKCortexFreq_Value,FLatency,FamilyName,HCLKFreq_Value,HSE_VALUE,HSI_VALUE,I2SClocksFreq_Value,LSE_VALUE,LSI_VALUE,MCO2PinFreq_Value,PLLCLKFreq_Value,PLLM,PLLN,PLLQ,PLLQCLKFreq_Value,RTCFreq_Value,RTCHSEDivFreq_Value,SYSCLKFreq_VALUE,SYSCLKSource,VCOI2SOutputFreq_Value,VCOInputFreq_Value,VCOOutputFreq_Value,VcooutputI2S
RCC.LSE_VALUE=32768
RCC.LSI_VALUE=32000
RCC.MCO2PinFreq_Value=168000000
RCC.PLLCLKFreq_Value=168000000
RCC.PLLM=4
RCC.PLLN=168
RCC.PLLQ=7
RCC.PLLQCLKFreq_Value=48000000
RCC.RTCFreq_Value=32000
RCC.RTCHSEDivFreq_Value=4000000
RCC.SYSCLKFreq_VALUE=168000000
RCC.SYSCLKSource=RCC_SYSCLKSOURCE_PLLCLK
RCC.VCOI2SOutputFreq_Value=384000000
RCC.VCOInputFreq_Value=2000000
RCC.VCOOutputFreq_Value=336000000
RCC.VcooutputI2S=192000000
SH.GPXTI0.0=GPIO_EXTI0
SH.GPXTI0.ConfNb=1
SH.GPXTI5.0=GPIO_EXTI5
SH.GPXTI5.ConfNb=1
SPI1.BaudRatePrescaler=SPI_BAUDRATEPRESCALER_16
SPI1.CLKPhase=SPI_PHASE_1EDGE
SPI1.CLKPolarity=SPI_POLARITY_LOW
SPI1.CRCCalculation=SPI_CRCCALCULATION_DISABLE
SPI1.CalculateBaudRate=5.25 MBits/s
SPI1.DataSize=SPI_DATASIZE_8BIT
SPI1.Direction=SPI_DIRECTION_2LINES
SPI1.FirstBit=SPI_FIRSTBIT_MSB
SPI1.IPParameters=TIMode,DataSize,FirstBit,BaudRatePrescaler,CLKPolarity,CLKPhase,CRCCalculation,NSS,VirtualType,Mode,Direction,CalculateBaudRate
SPI1.Mode=SPI_MODE_MASTER
SPI1.NSS=SPI_NSS_SOFT
SPI1.TIMode=SPI_TIMODE_DISABLE
SPI1.VirtualType=VM_MASTER
TIM1.AutoReloadPreload=TIM_AUTORELOAD_PRELOAD_DISABLE
TIM1.ClockDivision=TIM_CLOCKDIVISION_DIV1
TIM1.CounterMode=TIM_COUNTERMODE_UP
TIM1.IPParameters=Prescaler,CounterMode,Period,ClockDivision,RepetitionCounter,AutoReloadPreload,TIM_MasterSlaveMode,TIM_MasterOutputTrigger,TIM_SlaveMode
TIM1.Period=65535
TIM1.Prescaler=0
TIM1.RepetitionCounter=0
TIM1.TIM_MasterOutputTrigger=TIM_TRGO_RESET
TIM1.TIM_MasterSlaveMode=TIM_MASTERSLAVEMODE_DISABLE
TIM1.TIM_SlaveMode=TIM_SLAVEMODE_DISABLE
USART1.BaudRate=115200
USART1.IPParameters=BaudRate,WordLength,Parity,StopBits,Mode,VirtualMode
USART1.Mode=MODE_TX_RX
USART1.Parity=PARITY_NONE
USART1.StopBits=STOPBITS_1
USART1.VirtualMode=VM_ASYNC
USART1.WordLength=WORDLENGTH_8B
USART3.BaudRate=100000
USART3.IPParameters=VirtualMode,BaudRate,Parity,Mode
USART3.Mode=MODE_RX
USART3.Parity=PARITY_EVEN
USART3.VirtualMode=VM_ASYNC
USART6.BaudRate=115200
USART6.IPParameters=BaudRate,WordLength,Parity,StopBits,Mode,OverSampling,VirtualMode
USART6.Mode=MODE_TX_RX
USART6.OverSampling=UART_OVERSAMPLING_16
USART6.Parity=PARITY_NONE
USART6.StopBits=STOPBITS_1
USART6.VirtualMode=VM_ASYNC
USART6.WordLength=WORDLENGTH_8B
USB_DEVICE.APP_RX_DATA_SIZE-CDC_FS=2048
USB_DEVICE.APP_TX_DATA_SIZE-CDC_FS=2048
USB_DEVICE.CLASS_NAME_FS=CDC
USB_DEVICE.CONFIGURATION_STRING_CDC_FS=CDC Config
USB_DEVICE.INTERFACE_STRING_CDC_FS=CDC Interface
USB_DEVICE.IPParameters=VirtualModeFS,CLASS_NAME_FS,VirtualMode-CDC_FS,USBD_MAX_NUM_INTERFACES-CDC_FS,USBD_MAX_NUM_CONFIGURATION-CDC_FS,USBD_MAX_STR_DESC_SIZ-CDC_FS,USBD_SELF_POWERED-CDC_FS,USBD_DEBUG_LEVEL-CDC_FS,VID-CDC_FS,LANGID_STRING-CDC_FS,MANUFACTURER_STRING-CDC_FS,PID_CDC_FS,PRODUCT_STRING_CDC_FS,CONFIGURATION_STRING_CDC_FS,INTERFACE_STRING_CDC_FS,APP_RX_DATA_SIZE-CDC_FS,APP_TX_DATA_SIZE-CDC_FS
USB_DEVICE.LANGID_STRING-CDC_FS=1033
USB_DEVICE.MANUFACTURER_STRING-CDC_FS=STMicroelectronics
USB_DEVICE.PID_CDC_FS=22336
USB_DEVICE.PRODUCT_STRING_CDC_FS=STM32 Virtual ComPort
USB_DEVICE.USBD_DEBUG_LEVEL-CDC_FS=0
USB_DEVICE.USBD_MAX_NUM_CONFIGURATION-CDC_FS=1
USB_DEVICE.USBD_MAX_NUM_INTERFACES-CDC_FS=1
USB_DEVICE.USBD_MAX_STR_DESC_SIZ-CDC_FS=512
USB_DEVICE.USBD_SELF_POWERED-CDC_FS=1
USB_DEVICE.VID-CDC_FS=1155
USB_DEVICE.VirtualMode-CDC_FS=Cdc
USB_DEVICE.VirtualModeFS=Cdc_FS
USB_OTG_FS.IPParameters=low_power_enable,lpm_enable,vbus_sensing_enable,Sof_enable,VirtualMode
USB_OTG_FS.Sof_enable=DISABLE
USB_OTG_FS.VirtualMode=Device_Only
USB_OTG_FS.low_power_enable=DISABLE
USB_OTG_FS.lpm_enable=DISABLE
USB_OTG_FS.vbus_sensing_enable=DISABLE
VP_FREERTOS_VS_CMSIS_V2.Mode=CMSIS_V2
VP_FREERTOS_VS_CMSIS_V2.Signal=FREERTOS_VS_CMSIS_V2
VP_SYS_VS_tim14.Mode=TIM14
VP_SYS_VS_tim14.Signal=SYS_VS_tim14
VP_TIM1_VS_ClockSourceITR.Mode=TriggerSource_ITR0
VP_TIM1_VS_ClockSourceITR.Signal=TIM1_VS_ClockSourceITR
VP_USB_DEVICE_VS_USB_DEVICE_CDC_FS.Mode=CDC_FS
VP_USB_DEVICE_VS_USB_DEVICE_CDC_FS.Signal=USB_DEVICE_VS_USB_DEVICE_CDC_FS
board=custom
rtos.0.ip=FREERTOS
